// !$*UTF8*$!
{
	archiveVersion = 1;
	classes = {
	};
	objectVersion = 46;
	objects = {

/* Begin PBXBuildFile section */
		B52582151C219F900044F47A /* libsqlite3.0.tbd in Frameworks */ = {isa = PBXBuildFile; fileRef = B52582141C219F900044F47A /* libsqlite3.0.tbd */; };
		B52582211C21A02C0044F47A /* FMDatabase.h in Sources */ = {isa = PBXBuildFile; fileRef = B52582161C21A02C0044F47A /* FMDatabase.h */; settings = {COMPILER_FLAGS = "-fno-objc-arc"; }; };
		B52582221C21A02C0044F47A /* FMDatabase.m in Sources */ = {isa = PBXBuildFile; fileRef = B52582171C21A02C0044F47A /* FMDatabase.m */; settings = {COMPILER_FLAGS = "-fno-objc-arc"; }; };
		B52582231C21A02C0044F47A /* FMDatabaseAdditions.h in Sources */ = {isa = PBXBuildFile; fileRef = B52582181C21A02C0044F47A /* FMDatabaseAdditions.h */; settings = {COMPILER_FLAGS = "-fno-objc-arc"; }; };
		B52582241C21A02C0044F47A /* FMDatabaseAdditions.m in Sources */ = {isa = PBXBuildFile; fileRef = B52582191C21A02C0044F47A /* FMDatabaseAdditions.m */; settings = {COMPILER_FLAGS = "-fno-objc-arc"; }; };
		B52582251C21A02C0044F47A /* FMDatabasePool.h in Sources */ = {isa = PBXBuildFile; fileRef = B525821A1C21A02C0044F47A /* FMDatabasePool.h */; settings = {COMPILER_FLAGS = "-fno-objc-arc"; }; };
		B52582261C21A02C0044F47A /* FMDatabasePool.m in Sources */ = {isa = PBXBuildFile; fileRef = B525821B1C21A02C0044F47A /* FMDatabasePool.m */; settings = {COMPILER_FLAGS = "-fno-objc-arc"; }; };
		B52582271C21A02C0044F47A /* FMDatabaseQueue.h in Sources */ = {isa = PBXBuildFile; fileRef = B525821C1C21A02C0044F47A /* FMDatabaseQueue.h */; settings = {COMPILER_FLAGS = "-fno-objc-arc"; }; };
		B52582281C21A02C0044F47A /* FMDatabaseQueue.m in Sources */ = {isa = PBXBuildFile; fileRef = B525821D1C21A02C0044F47A /* FMDatabaseQueue.m */; settings = {COMPILER_FLAGS = "-fno-objc-arc"; }; };
		B52582291C21A02C0044F47A /* FMDB.h in Sources */ = {isa = PBXBuildFile; fileRef = B525821E1C21A02C0044F47A /* FMDB.h */; settings = {COMPILER_FLAGS = "-fno-objc-arc"; }; };
		B525822A1C21A02C0044F47A /* FMResultSet.h in Sources */ = {isa = PBXBuildFile; fileRef = B525821F1C21A02C0044F47A /* FMResultSet.h */; settings = {COMPILER_FLAGS = "-fno-objc-arc"; }; };
		B525822B1C21A02C0044F47A /* FMResultSet.m in Sources */ = {isa = PBXBuildFile; fileRef = B52582201C21A02C0044F47A /* FMResultSet.m */; settings = {COMPILER_FLAGS = "-fno-objc-arc"; }; };
		B52DBEE51C0F013700D38773 /* AppDelegate.swift in Sources */ = {isa = PBXBuildFile; fileRef = B52DBEE41C0F013700D38773 /* AppDelegate.swift */; };
		B52DBEEA1C0F013700D38773 /* Main.storyboard in Resources */ = {isa = PBXBuildFile; fileRef = B52DBEE81C0F013700D38773 /* Main.storyboard */; };
		B52DBEEC1C0F013700D38773 /* Assets.xcassets in Resources */ = {isa = PBXBuildFile; fileRef = B52DBEEB1C0F013700D38773 /* Assets.xcassets */; };
		B52DBEEF1C0F013700D38773 /* LaunchScreen.storyboard in Resources */ = {isa = PBXBuildFile; fileRef = B52DBEED1C0F013700D38773 /* LaunchScreen.storyboard */; };
		B52DBEFA1C0F013700D38773 /* TestBDDTests.swift in Sources */ = {isa = PBXBuildFile; fileRef = B52DBEF91C0F013700D38773 /* TestBDDTests.swift */; };
		B52DBF051C0F013700D38773 /* TestBDDUITests.swift in Sources */ = {isa = PBXBuildFile; fileRef = B52DBF041C0F013700D38773 /* TestBDDUITests.swift */; };
		B52DBF191C0F281B00D38773 /* InsertRecordViewController.swift in Sources */ = {isa = PBXBuildFile; fileRef = B52DBF181C0F281B00D38773 /* InsertRecordViewController.swift */; };
		B52DBF1B1C0F284000D38773 /* HomeScreenViewController.swift in Sources */ = {isa = PBXBuildFile; fileRef = B52DBF1A1C0F284000D38773 /* HomeScreenViewController.swift */; };
		B52DBF1F1C0F2BB500D38773 /* StudentCell.swift in Sources */ = {isa = PBXBuildFile; fileRef = B52DBF1E1C0F2BB500D38773 /* StudentCell.swift */; };
/* End PBXBuildFile section */

/* Begin PBXContainerItemProxy section */
		B52DBEF61C0F013700D38773 /* PBXContainerItemProxy */ = {
			isa = PBXContainerItemProxy;
			containerPortal = B52DBED91C0F013700D38773 /* Project object */;
			proxyType = 1;
			remoteGlobalIDString = B52DBEE01C0F013700D38773;
			remoteInfo = TestBDD;
		};
		B52DBF011C0F013700D38773 /* PBXContainerItemProxy */ = {
			isa = PBXContainerItemProxy;
			containerPortal = B52DBED91C0F013700D38773 /* Project object */;
			proxyType = 1;
			remoteGlobalIDString = B52DBEE01C0F013700D38773;
			remoteInfo = TestBDD;
		};
/* End PBXContainerItemProxy section */

/* Begin PBXFileReference section */
		B52582141C219F900044F47A /* libsqlite3.0.tbd */ = {isa = PBXFileReference; lastKnownFileType = "sourcecode.text-based-dylib-definition"; name = libsqlite3.0.tbd; path = usr/lib/libsqlite3.0.tbd; sourceTree = SDKROOT; };
		B52582161C21A02C0044F47A /* FMDatabase.h */ = {isa = PBXFileReference; lastKnownFileType = sourcecode.c.h; name = FMDatabase.h; path = ../fmdb/FMDatabase.h; sourceTree = "<group>"; };
		B52582171C21A02C0044F47A /* FMDatabase.m */ = {isa = PBXFileReference; lastKnownFileType = sourcecode.c.objc; name = FMDatabase.m; path = ../fmdb/FMDatabase.m; sourceTree = "<group>"; };
		B52582181C21A02C0044F47A /* FMDatabaseAdditions.h */ = {isa = PBXFileReference; lastKnownFileType = sourcecode.c.h; name = FMDatabaseAdditions.h; path = ../fmdb/FMDatabaseAdditions.h; sourceTree = "<group>"; };
		B52582191C21A02C0044F47A /* FMDatabaseAdditions.m */ = {isa = PBXFileReference; lastKnownFileType = sourcecode.c.objc; name = FMDatabaseAdditions.m; path = ../fmdb/FMDatabaseAdditions.m; sourceTree = "<group>"; };
		B525821A1C21A02C0044F47A /* FMDatabasePool.h */ = {isa = PBXFileReference; lastKnownFileType = sourcecode.c.h; name = FMDatabasePool.h; path = ../fmdb/FMDatabasePool.h; sourceTree = "<group>"; };
		B525821B1C21A02C0044F47A /* FMDatabasePool.m */ = {isa = PBXFileReference; lastKnownFileType = sourcecode.c.objc; name = FMDatabasePool.m; path = ../fmdb/FMDatabasePool.m; sourceTree = "<group>"; };
		B525821C1C21A02C0044F47A /* FMDatabaseQueue.h */ = {isa = PBXFileReference; lastKnownFileType = sourcecode.c.h; name = FMDatabaseQueue.h; path = ../fmdb/FMDatabaseQueue.h; sourceTree = "<group>"; };
		B525821D1C21A02C0044F47A /* FMDatabaseQueue.m */ = {isa = PBXFileReference; lastKnownFileType = sourcecode.c.objc; name = FMDatabaseQueue.m; path = ../fmdb/FMDatabaseQueue.m; sourceTree = "<group>"; };
		B525821E1C21A02C0044F47A /* FMDB.h */ = {isa = PBXFileReference; lastKnownFileType = sourcecode.c.h; name = FMDB.h; path = ../fmdb/FMDB.h; sourceTree = "<group>"; };
		B525821F1C21A02C0044F47A /* FMResultSet.h */ = {isa = PBXFileReference; lastKnownFileType = sourcecode.c.h; name = FMResultSet.h; path = ../fmdb/FMResultSet.h; sourceTree = "<group>"; };
		B52582201C21A02C0044F47A /* FMResultSet.m */ = {isa = PBXFileReference; lastKnownFileType = sourcecode.c.objc; name = FMResultSet.m; path = ../fmdb/FMResultSet.m; sourceTree = "<group>"; };
		B525822D1C21A2950044F47A /* TestBDD-Bridging-header.h */ = {isa = PBXFileReference; fileEncoding = 4; lastKnownFileType = sourcecode.c.h; path = "TestBDD-Bridging-header.h"; sourceTree = SOURCE_ROOT; };
		B52DBEE11C0F013700D38773 /* TestBDD.app */ = {isa = PBXFileReference; explicitFileType = wrapper.application; includeInIndex = 0; path = TestBDD.app; sourceTree = BUILT_PRODUCTS_DIR; };
		B52DBEE41C0F013700D38773 /* AppDelegate.swift */ = {isa = PBXFileReference; lastKnownFileType = sourcecode.swift; path = AppDelegate.swift; sourceTree = "<group>"; };
		B52DBEE91C0F013700D38773 /* Base */ = {isa = PBXFileReference; lastKnownFileType = file.storyboard; name = Base; path = Base.lproj/Main.storyboard; sourceTree = "<group>"; };
		B52DBEEB1C0F013700D38773 /* Assets.xcassets */ = {isa = PBXFileReference; lastKnownFileType = folder.assetcatalog; path = Assets.xcassets; sourceTree = "<group>"; };
		B52DBEEE1C0F013700D38773 /* Base */ = {isa = PBXFileReference; lastKnownFileType = file.storyboard; name = Base; path = Base.lproj/LaunchScreen.storyboard; sourceTree = "<group>"; };
		B52DBEF01C0F013700D38773 /* Info.plist */ = {isa = PBXFileReference; lastKnownFileType = text.plist.xml; path = Info.plist; sourceTree = "<group>"; };
		B52DBEF51C0F013700D38773 /* TestBDDTests.xctest */ = {isa = PBXFileReference; explicitFileType = wrapper.cfbundle; includeInIndex = 0; path = TestBDDTests.xctest; sourceTree = BUILT_PRODUCTS_DIR; };
		B52DBEF91C0F013700D38773 /* TestBDDTests.swift */ = {isa = PBXFileReference; lastKnownFileType = sourcecode.swift; path = TestBDDTests.swift; sourceTree = "<group>"; };
		B52DBEFB1C0F013700D38773 /* Info.plist */ = {isa = PBXFileReference; lastKnownFileType = text.plist.xml; path = Info.plist; sourceTree = "<group>"; };
		B52DBF001C0F013700D38773 /* TestBDDUITests.xctest */ = {isa = PBXFileReference; explicitFileType = wrapper.cfbundle; includeInIndex = 0; path = TestBDDUITests.xctest; sourceTree = BUILT_PRODUCTS_DIR; };
		B52DBF041C0F013700D38773 /* TestBDDUITests.swift */ = {isa = PBXFileReference; lastKnownFileType = sourcecode.swift; path = TestBDDUITests.swift; sourceTree = "<group>"; };
		B52DBF061C0F013700D38773 /* Info.plist */ = {isa = PBXFileReference; lastKnownFileType = text.plist.xml; path = Info.plist; sourceTree = "<group>"; };
		B52DBF181C0F281B00D38773 /* InsertRecordViewController.swift */ = {isa = PBXFileReference; fileEncoding = 4; lastKnownFileType = sourcecode.swift; name = InsertRecordViewController.swift; path = ../InsertRecordViewController.swift; sourceTree = "<group>"; };
		B52DBF1A1C0F284000D38773 /* HomeScreenViewController.swift */ = {isa = PBXFileReference; fileEncoding = 4; lastKnownFileType = sourcecode.swift; name = HomeScreenViewController.swift; path = ../HomeScreenViewController.swift; sourceTree = "<group>"; };
		B52DBF1E1C0F2BB500D38773 /* StudentCell.swift */ = {isa = PBXFileReference; fileEncoding = 4; lastKnownFileType = sourcecode.swift; name = StudentCell.swift; path = ../StudentCell.swift; sourceTree = "<group>"; };
/* End PBXFileReference section */

/* Begin PBXFrameworksBuildPhase section */
		B52DBEDE1C0F013700D38773 /* Frameworks */ = {
			isa = PBXFrameworksBuildPhase;
			buildActionMask = 2147483647;
			files = (
				B52582151C219F900044F47A /* libsqlite3.0.tbd in Frameworks */,
			);
			runOnlyForDeploymentPostprocessing = 0;
		};
		B52DBEF21C0F013700D38773 /* Frameworks */ = {
			isa = PBXFrameworksBuildPhase;
			buildActionMask = 2147483647;
			files = (
			);
			runOnlyForDeploymentPostprocessing = 0;
		};
		B52DBEFD1C0F013700D38773 /* Frameworks */ = {
			isa = PBXFrameworksBuildPhase;
			buildActionMask = 2147483647;
			files = (
			);
			runOnlyForDeploymentPostprocessing = 0;
		};
/* End PBXFrameworksBuildPhase section */

/* Begin PBXGroup section */
		B525822C1C21A0DA0044F47A /* FMDB */ = {
			isa = PBXGroup;
			children = (
				B52582161C21A02C0044F47A /* FMDatabase.h */,
				B52582171C21A02C0044F47A /* FMDatabase.m */,
				B52582181C21A02C0044F47A /* FMDatabaseAdditions.h */,
				B52582191C21A02C0044F47A /* FMDatabaseAdditions.m */,
				B525821A1C21A02C0044F47A /* FMDatabasePool.h */,
				B525821B1C21A02C0044F47A /* FMDatabasePool.m */,
				B525821C1C21A02C0044F47A /* FMDatabaseQueue.h */,
				B525821D1C21A02C0044F47A /* FMDatabaseQueue.m */,
				B525821E1C21A02C0044F47A /* FMDB.h */,
				B525821F1C21A02C0044F47A /* FMResultSet.h */,
				B52582201C21A02C0044F47A /* FMResultSet.m */,
			);
			name = FMDB;
			sourceTree = "<group>";
		};
		B52DBED81C0F013700D38773 = {
			isa = PBXGroup;
			children = (
				B52582141C219F900044F47A /* libsqlite3.0.tbd */,
				B52DBEE31C0F013700D38773 /* TestBDD */,
				B52DBEF81C0F013700D38773 /* TestBDDTests */,
				B52DBF031C0F013700D38773 /* TestBDDUITests */,
				B52DBEE21C0F013700D38773 /* Products */,
			);
			sourceTree = "<group>";
		};
		B52DBEE21C0F013700D38773 /* Products */ = {
			isa = PBXGroup;
			children = (
				B52DBEE11C0F013700D38773 /* TestBDD.app */,
				B52DBEF51C0F013700D38773 /* TestBDDTests.xctest */,
				B52DBF001C0F013700D38773 /* TestBDDUITests.xctest */,
			);
			name = Products;
			sourceTree = "<group>";
		};
		B52DBEE31C0F013700D38773 /* TestBDD */ = {
			isa = PBXGroup;
			children = (
				B525822C1C21A0DA0044F47A /* FMDB */,
				B52DBF1E1C0F2BB500D38773 /* StudentCell.swift */,
				B52DBF1A1C0F284000D38773 /* HomeScreenViewController.swift */,
				B52DBF181C0F281B00D38773 /* InsertRecordViewController.swift */,
				B52DBEE41C0F013700D38773 /* AppDelegate.swift */,
				B52DBEE81C0F013700D38773 /* Main.storyboard */,
				B52DBEEB1C0F013700D38773 /* Assets.xcassets */,
				B52DBEED1C0F013700D38773 /* LaunchScreen.storyboard */,
				B525822D1C21A2950044F47A /* TestBDD-Bridging-header.h */,
				B52DBEF01C0F013700D38773 /* Info.plist */,
			);
			path = TestBDD;
			sourceTree = "<group>";
		};
		B52DBEF81C0F013700D38773 /* TestBDDTests */ = {
			isa = PBXGroup;
			children = (
				B52DBEF91C0F013700D38773 /* TestBDDTests.swift */,
				B52DBEFB1C0F013700D38773 /* Info.plist */,
			);
			path = TestBDDTests;
			sourceTree = "<group>";
		};
		B52DBF031C0F013700D38773 /* TestBDDUITests */ = {
			isa = PBXGroup;
			children = (
				B52DBF041C0F013700D38773 /* TestBDDUITests.swift */,
				B52DBF061C0F013700D38773 /* Info.plist */,
			);
			path = TestBDDUITests;
			sourceTree = "<group>";
		};
/* End PBXGroup section */

/* Begin PBXNativeTarget section */
		B52DBEE01C0F013700D38773 /* TestBDD */ = {
			isa = PBXNativeTarget;
			buildConfigurationList = B52DBF091C0F013700D38773 /* Build configuration list for PBXNativeTarget "TestBDD" */;
			buildPhases = (
				B52DBEDD1C0F013700D38773 /* Sources */,
				B52DBEDE1C0F013700D38773 /* Frameworks */,
				B52DBEDF1C0F013700D38773 /* Resources */,
			);
			buildRules = (
			);
			dependencies = (
			);
			name = TestBDD;
			productName = TestBDD;
			productReference = B52DBEE11C0F013700D38773 /* TestBDD.app */;
			productType = "com.apple.product-type.application";
		};
		B52DBEF41C0F013700D38773 /* TestBDDTests */ = {
			isa = PBXNativeTarget;
			buildConfigurationList = B52DBF0C1C0F013700D38773 /* Build configuration list for PBXNativeTarget "TestBDDTests" */;
			buildPhases = (
				B52DBEF11C0F013700D38773 /* Sources */,
				B52DBEF21C0F013700D38773 /* Frameworks */,
				B52DBEF31C0F013700D38773 /* Resources */,
			);
			buildRules = (
			);
			dependencies = (
				B52DBEF71C0F013700D38773 /* PBXTargetDependency */,
			);
			name = TestBDDTests;
			productName = TestBDDTests;
			productReference = B52DBEF51C0F013700D38773 /* TestBDDTests.xctest */;
			productType = "com.apple.product-type.bundle.unit-test";
		};
		B52DBEFF1C0F013700D38773 /* TestBDDUITests */ = {
			isa = PBXNativeTarget;
			buildConfigurationList = B52DBF0F1C0F013700D38773 /* Build configuration list for PBXNativeTarget "TestBDDUITests" */;
			buildPhases = (
				B52DBEFC1C0F013700D38773 /* Sources */,
				B52DBEFD1C0F013700D38773 /* Frameworks */,
				B52DBEFE1C0F013700D38773 /* Resources */,
			);
			buildRules = (
			);
			dependencies = (
				B52DBF021C0F013700D38773 /* PBXTargetDependency */,
			);
			name = TestBDDUITests;
			productName = TestBDDUITests;
			productReference = B52DBF001C0F013700D38773 /* TestBDDUITests.xctest */;
			productType = "com.apple.product-type.bundle.ui-testing";
		};
/* End PBXNativeTarget section */

/* Begin PBXProject section */
		B52DBED91C0F013700D38773 /* Project object */ = {
			isa = PBXProject;
			attributes = {
				LastSwiftUpdateCheck = 0710;
				LastUpgradeCheck = 0710;
				ORGANIZATIONNAME = "Ben Nikiema";
				TargetAttributes = {
					B52DBEE01C0F013700D38773 = {
						CreatedOnToolsVersion = 7.1;
						DevelopmentTeam = 5K6TB2G576;
					};
					B52DBEF41C0F013700D38773 = {
						CreatedOnToolsVersion = 7.1;
						TestTargetID = B52DBEE01C0F013700D38773;
					};
					B52DBEFF1C0F013700D38773 = {
						CreatedOnToolsVersion = 7.1;
						TestTargetID = B52DBEE01C0F013700D38773;
					};
				};
			};
			buildConfigurationList = B52DBEDC1C0F013700D38773 /* Build configuration list for PBXProject "TestBDD" */;
			compatibilityVersion = "Xcode 3.2";
			developmentRegion = English;
			hasScannedForEncodings = 0;
			knownRegions = (
				en,
				Base,
			);
			mainGroup = B52DBED81C0F013700D38773;
			productRefGroup = B52DBEE21C0F013700D38773 /* Products */;
			projectDirPath = "";
			projectRoot = "";
			targets = (
				B52DBEE01C0F013700D38773 /* TestBDD */,
				B52DBEF41C0F013700D38773 /* TestBDDTests */,
				B52DBEFF1C0F013700D38773 /* TestBDDUITests */,
			);
		};
/* End PBXProject section */

/* Begin PBXResourcesBuildPhase section */
		B52DBEDF1C0F013700D38773 /* Resources */ = {
			isa = PBXResourcesBuildPhase;
			buildActionMask = 2147483647;
			files = (
				B52DBEEF1C0F013700D38773 /* LaunchScreen.storyboard in Resources */,
				B52DBEEC1C0F013700D38773 /* Assets.xcassets in Resources */,
				B52DBEEA1C0F013700D38773 /* Main.storyboard in Resources */,
			);
			runOnlyForDeploymentPostprocessing = 0;
		};
		B52DBEF31C0F013700D38773 /* Resources */ = {
			isa = PBXResourcesBuildPhase;
			buildActionMask = 2147483647;
			files = (
			);
			runOnlyForDeploymentPostprocessing = 0;
		};
		B52DBEFE1C0F013700D38773 /* Resources */ = {
			isa = PBXResourcesBuildPhase;
			buildActionMask = 2147483647;
			files = (
			);
			runOnlyForDeploymentPostprocessing = 0;
		};
/* End PBXResourcesBuildPhase section */

/* Begin PBXSourcesBuildPhase section */
		B52DBEDD1C0F013700D38773 /* Sources */ = {
			isa = PBXSourcesBuildPhase;
			buildActionMask = 2147483647;
			files = (
				B52582211C21A02C0044F47A /* FMDatabase.h in Sources */,
				B52582221C21A02C0044F47A /* FMDatabase.m in Sources */,
				B52582231C21A02C0044F47A /* FMDatabaseAdditions.h in Sources */,
				B52582241C21A02C0044F47A /* FMDatabaseAdditions.m in Sources */,
				B52582251C21A02C0044F47A /* FMDatabasePool.h in Sources */,
				B52582261C21A02C0044F47A /* FMDatabasePool.m in Sources */,
				B52582271C21A02C0044F47A /* FMDatabaseQueue.h in Sources */,
				B52582281C21A02C0044F47A /* FMDatabaseQueue.m in Sources */,
				B52582291C21A02C0044F47A /* FMDB.h in Sources */,
				B525822A1C21A02C0044F47A /* FMResultSet.h in Sources */,
				B525822B1C21A02C0044F47A /* FMResultSet.m in Sources */,
				B52DBF191C0F281B00D38773 /* InsertRecordViewController.swift in Sources */,
				B52DBEE51C0F013700D38773 /* AppDelegate.swift in Sources */,
				B52DBF1B1C0F284000D38773 /* HomeScreenViewController.swift in Sources */,
				B52DBF1F1C0F2BB500D38773 /* StudentCell.swift in Sources */,
			);
			runOnlyForDeploymentPostprocessing = 0;
		};
		B52DBEF11C0F013700D38773 /* Sources */ = {
			isa = PBXSourcesBuildPhase;
			buildActionMask = 2147483647;
			files = (
				B52DBEFA1C0F013700D38773 /* TestBDDTests.swift in Sources */,
			);
			runOnlyForDeploymentPostprocessing = 0;
		};
		B52DBEFC1C0F013700D38773 /* Sources */ = {
			isa = PBXSourcesBuildPhase;
			buildActionMask = 2147483647;
			files = (
				B52DBF051C0F013700D38773 /* TestBDDUITests.swift in Sources */,
			);
			runOnlyForDeploymentPostprocessing = 0;
		};
/* End PBXSourcesBuildPhase section */

/* Begin PBXTargetDependency section */
		B52DBEF71C0F013700D38773 /* PBXTargetDependency */ = {
			isa = PBXTargetDependency;
			target = B52DBEE01C0F013700D38773 /* TestBDD */;
			targetProxy = B52DBEF61C0F013700D38773 /* PBXContainerItemProxy */;
		};
		B52DBF021C0F013700D38773 /* PBXTargetDependency */ = {
			isa = PBXTargetDependency;
			target = B52DBEE01C0F013700D38773 /* TestBDD */;
			targetProxy = B52DBF011C0F013700D38773 /* PBXContainerItemProxy */;
		};
/* End PBXTargetDependency section */

/* Begin PBXVariantGroup section */
		B52DBEE81C0F013700D38773 /* Main.storyboard */ = {
			isa = PBXVariantGroup;
			children = (
				B52DBEE91C0F013700D38773 /* Base */,
			);
			name = Main.storyboard;
			sourceTree = "<group>";
		};
		B52DBEED1C0F013700D38773 /* LaunchScreen.storyboard */ = {
			isa = PBXVariantGroup;
			children = (
				B52DBEEE1C0F013700D38773 /* Base */,
			);
			name = LaunchScreen.storyboard;
			sourceTree = "<group>";
		};
/* End PBXVariantGroup section */

/* Begin XCBuildConfiguration section */
		B52DBF071C0F013700D38773 /* Debug */ = {
			isa = XCBuildConfiguration;
			buildSettings = {
				ALWAYS_SEARCH_USER_PATHS = NO;
				CLANG_CXX_LANGUAGE_STANDARD = "gnu++0x";
				CLANG_CXX_LIBRARY = "libc++";
				CLANG_ENABLE_MODULES = YES;
				CLANG_ENABLE_OBJC_ARC = YES;
				CLANG_WARN_BOOL_CONVERSION = YES;
				CLANG_WARN_CONSTANT_CONVERSION = YES;
				CLANG_WARN_DIRECT_OBJC_ISA_USAGE = YES_ERROR;
				CLANG_WARN_EMPTY_BODY = YES;
				CLANG_WARN_ENUM_CONVERSION = YES;
				CLANG_WARN_INT_CONVERSION = YES;
				CLANG_WARN_OBJC_ROOT_CLASS = YES_ERROR;
				CLANG_WARN_UNREACHABLE_CODE = YES;
				CLANG_WARN__DUPLICATE_METHOD_MATCH = YES;
				"CODE_SIGN_IDENTITY[sdk=iphoneos*]" = "iPhone Developer";
				COPY_PHASE_STRIP = NO;
				DEBUG_INFORMATION_FORMAT = dwarf;
				ENABLE_STRICT_OBJC_MSGSEND = YES;
				ENABLE_TESTABILITY = YES;
				GCC_C_LANGUAGE_STANDARD = gnu99;
				GCC_DYNAMIC_NO_PIC = NO;
				GCC_NO_COMMON_BLOCKS = YES;
				GCC_OPTIMIZATION_LEVEL = 0;
				GCC_PREPROCESSOR_DEFINITIONS = (
					"DEBUG=1",
					"$(inherited)",
				);
				GCC_WARN_64_TO_32_BIT_CONVERSION = YES;
				GCC_WARN_ABOUT_RETURN_TYPE = YES_ERROR;
				GCC_WARN_UNDECLARED_SELECTOR = YES;
				GCC_WARN_UNINITIALIZED_AUTOS = YES_AGGRESSIVE;
				GCC_WARN_UNUSED_FUNCTION = YES;
				GCC_WARN_UNUSED_VARIABLE = YES;
				IPHONEOS_DEPLOYMENT_TARGET = 9.1;
				MTL_ENABLE_DEBUG_INFO = YES;
				ONLY_ACTIVE_ARCH = YES;
				SDKROOT = iphoneos;
				SWIFT_OPTIMIZATION_LEVEL = "-Onone";
				TARGETED_DEVICE_FAMILY = "1,2";
			};
			name = Debug;
		};
		B52DBF081C0F013700D38773 /* Release */ = {
			isa = XCBuildConfiguration;
			buildSettings = {
				ALWAYS_SEARCH_USER_PATHS = NO;
				CLANG_CXX_LANGUAGE_STANDARD = "gnu++0x";
				CLANG_CXX_LIBRARY = "libc++";
				CLANG_ENABLE_MODULES = YES;
				CLANG_ENABLE_OBJC_ARC = YES;
				CLANG_WARN_BOOL_CONVERSION = YES;
				CLANG_WARN_CONSTANT_CONVERSION = YES;
				CLANG_WARN_DIRECT_OBJC_ISA_USAGE = YES_ERROR;
				CLANG_WARN_EMPTY_BODY = YES;
				CLANG_WARN_ENUM_CONVERSION = YES;
				CLANG_WARN_INT_CONVERSION = YES;
				CLANG_WARN_OBJC_ROOT_CLASS = YES_ERROR;
				CLANG_WARN_UNREACHABLE_CODE = YES;
				CLANG_WARN__DUPLICATE_METHOD_MATCH = YES;
				"CODE_SIGN_IDENTITY[sdk=iphoneos*]" = "iPhone Developer";
				COPY_PHASE_STRIP = NO;
				DEBUG_INFORMATION_FORMAT = "dwarf-with-dsym";
				ENABLE_NS_ASSERTIONS = NO;
				ENABLE_STRICT_OBJC_MSGSEND = YES;
				GCC_C_LANGUAGE_STANDARD = gnu99;
				GCC_NO_COMMON_BLOCKS = YES;
				GCC_WARN_64_TO_32_BIT_CONVERSION = YES;
				GCC_WARN_ABOUT_RETURN_TYPE = YES_ERROR;
				GCC_WARN_UNDECLARED_SELECTOR = YES;
				GCC_WARN_UNINITIALIZED_AUTOS = YES_AGGRESSIVE;
				GCC_WARN_UNUSED_FUNCTION = YES;
				GCC_WARN_UNUSED_VARIABLE = YES;
				IPHONEOS_DEPLOYMENT_TARGET = 9.1;
				MTL_ENABLE_DEBUG_INFO = NO;
				SDKROOT = iphoneos;
				TARGETED_DEVICE_FAMILY = "1,2";
				VALIDATE_PRODUCT = YES;
			};
			name = Release;
		};
		B52DBF0A1C0F013700D38773 /* Debug */ = {
			isa = XCBuildConfiguration;
			buildSettings = {
				ASSETCATALOG_COMPILER_APPICON_NAME = AppIcon;
				CODE_SIGN_IDENTITY = "iPhone Developer";
				"CODE_SIGN_IDENTITY[sdk=iphoneos*]" = "iPhone Developer";
				INFOPLIST_FILE = TestBDD/Info.plist;
				LD_RUNPATH_SEARCH_PATHS = "$(inherited) @executable_path/Frameworks";
				PRODUCT_BUNDLE_IDENTIFIER = Ben.TestBDD;
				PRODUCT_NAME = "$(TARGET_NAME)";
				PROVISIONING_PROFILE = "";
				SWIFT_OBJC_BRIDGING_HEADER = "./TestBDD/TestBDD-Bridging-header.h";
			};
			name = Debug;
		};
		B52DBF0B1C0F013700D38773 /* Release */ = {
			isa = XCBuildConfiguration;
			buildSettings = {
				ASSETCATALOG_COMPILER_APPICON_NAME = AppIcon;
				CODE_SIGN_IDENTITY = "iPhone Developer";
				"CODE_SIGN_IDENTITY[sdk=iphoneos*]" = "iPhone Developer";
				INFOPLIST_FILE = TestBDD/Info.plist;
				LD_RUNPATH_SEARCH_PATHS = "$(inherited) @executable_path/Frameworks";
				PRODUCT_BUNDLE_IDENTIFIER = Ben.TestBDD;
				PRODUCT_NAME = "$(TARGET_NAME)";
				PROVISIONING_PROFILE = "";
				SWIFT_OBJC_BRIDGING_HEADER = "./TestBDD/TestBDD-Bridging-header.h";
			};
			name = Release;
		};
		B52DBF0D1C0F013700D38773 /* Debug */ = {
			isa = XCBuildConfiguration;
			buildSettings = {
				BUNDLE_LOADER = "$(TEST_HOST)";
				INFOPLIST_FILE = TestBDDTests/Info.plist;
				LD_RUNPATH_SEARCH_PATHS = "$(inherited) @executable_path/Frameworks @loader_path/Frameworks";
				PRODUCT_BUNDLE_IDENTIFIER = Ben.TestBDDTests;
				PRODUCT_NAME = "$(TARGET_NAME)";
				TEST_HOST = "$(BUILT_PRODUCTS_DIR)/TestBDD.app/TestBDD";
			};
			name = Debug;
		};
		B52DBF0E1C0F013700D38773 /* Release */ = {
			isa = XCBuildConfiguration;
			buildSettings = {
				BUNDLE_LOADER = "$(TEST_HOST)";
				INFOPLIST_FILE = TestBDDTests/Info.plist;
				LD_RUNPATH_SEARCH_PATHS = "$(inherited) @executable_path/Frameworks @loader_path/Frameworks";
				PRODUCT_BUNDLE_IDENTIFIER = Ben.TestBDDTests;
				PRODUCT_NAME = "$(TARGET_NAME)";
				TEST_HOST = "$(BUILT_PRODUCTS_DIR)/TestBDD.app/TestBDD";
			};
			name = Release;
		};
		B52DBF101C0F013700D38773 /* Debug */ = {
			isa = XCBuildConfiguration;
			buildSettings = {
				INFOPLIST_FILE = TestBDDUITests/Info.plist;
				LD_RUNPATH_SEARCH_PATHS = "$(inherited) @executable_path/Frameworks @loader_path/Frameworks";
				PRODUCT_BUNDLE_IDENTIFIER = Ben.TestBDDUITests;
				PRODUCT_NAME = "$(TARGET_NAME)";
				TEST_TARGET_NAME = TestBDD;
				USES_XCTRUNNER = YES;
			};
			name = Debug;
		};
		B52DBF111C0F013700D38773 /* Release */ = {
			isa = XCBuildConfiguration;
			buildSettings = {
				INFOPLIST_FILE = TestBDDUITests/Info.plist;
				LD_RUNPATH_SEARCH_PATHS = "$(inherited) @executable_path/Frameworks @loader_path/Frameworks";
				PRODUCT_BUNDLE_IDENTIFIER = Ben.TestBDDUITests;
				PRODUCT_NAME = "$(TARGET_NAME)";
				TEST_TARGET_NAME = TestBDD;
				USES_XCTRUNNER = YES;
			};
			name = Release;
		};
/* End XCBuildConfiguration section */

/* Begin XCConfigurationList section */
		B52DBEDC1C0F013700D38773 /* Build configuration list for PBXProject "TestBDD" */ = {
			isa = XCConfigurationList;
			buildConfigurations = (
				B52DBF071C0F013700D38773 /* Debug */,
				B52DBF081C0F013700D38773 /* Release */,
			);
			defaultConfigurationIsVisible = 0;
			defaultConfigurationName = Release;
		};
		B52DBF091C0F013700D38773 /* Build configuration list for PBXNativeTarget "TestBDD" */ = {
			isa = XCConfigurationList;
			buildConfigurations = (
				B52DBF0A1C0F013700D38773 /* Debug */,
				B52DBF0B1C0F013700D38773 /* Release */,
			);
			defaultConfigurationIsVisible = 0;
			defaultConfigurationName = Release;
		};
		B52DBF0C1C0F013700D38773 /* Build configuration list for PBXNativeTarget "TestBDDTests" */ = {
			isa = XCConfigurationList;
			buildConfigurations = (
				B52DBF0D1C0F013700D38773 /* Debug */,
				B52DBF0E1C0F013700D38773 /* Release */,
			);
			defaultConfigurationIsVisible = 0;
			defaultConfigurationName = Release;
		};
		B52DBF0F1C0F013700D38773 /* Build configuration list for PBXNativeTarget "TestBDDUITests" */ = {
			isa = XCConfigurationList;
			buildConfigurations = (
				B52DBF101C0F013700D38773 /* Debug */,
				B52DBF111C0F013700D38773 /* Release */,
			);
			defaultConfigurationIsVisible = 0;
			defaultConfigurationName = Release;
		};
/* End XCConfigurationList section */
	};
	rootObject = B52DBED91C0F013700D38773 /* Project object */;
}
