// !$*UTF8*$!
{
	archiveVersion = 1;
	classes = {
	};
	objectVersion = 46;
	objects = {

/* Begin PBXBuildFile section */
		B5162FF11C58D65E00DF10C4 /* AppDelegate.swift in Sources */ = {isa = PBXBuildFile; fileRef = B5162FF01C58D65E00DF10C4 /* AppDelegate.swift */; };
		B5162FF31C58D65F00DF10C4 /* ViewController.swift in Sources */ = {isa = PBXBuildFile; fileRef = B5162FF21C58D65F00DF10C4 /* ViewController.swift */; };
		B5162FF61C58D65F00DF10C4 /* Main.storyboard in Resources */ = {isa = PBXBuildFile; fileRef = B5162FF41C58D65F00DF10C4 /* Main.storyboard */; };
		B5162FF91C58D65F00DF10C4 /* TestCoreData.xcdatamodeld in Sources */ = {isa = PBXBuildFile; fileRef = B5162FF71C58D65F00DF10C4 /* TestCoreData.xcdatamodeld */; };
		B5162FFB1C58D65F00DF10C4 /* Assets.xcassets in Resources */ = {isa = PBXBuildFile; fileRef = B5162FFA1C58D65F00DF10C4 /* Assets.xcassets */; };
		B5162FFE1C58D65F00DF10C4 /* LaunchScreen.storyboard in Resources */ = {isa = PBXBuildFile; fileRef = B5162FFC1C58D65F00DF10C4 /* LaunchScreen.storyboard */; };
		B51630091C58D65F00DF10C4 /* TestCoreDataTests.swift in Sources */ = {isa = PBXBuildFile; fileRef = B51630081C58D65F00DF10C4 /* TestCoreDataTests.swift */; };
		B51630141C58D65F00DF10C4 /* TestCoreDataUITests.swift in Sources */ = {isa = PBXBuildFile; fileRef = B51630131C58D65F00DF10C4 /* TestCoreDataUITests.swift */; };
		B51630221C5910F500DF10C4 /* DataController.swift in Sources */ = {isa = PBXBuildFile; fileRef = B51630211C5910F500DF10C4 /* DataController.swift */; };
/* End PBXBuildFile section */

/* Begin PBXContainerItemProxy section */
		B51630051C58D65F00DF10C4 /* PBXContainerItemProxy */ = {
			isa = PBXContainerItemProxy;
			containerPortal = B5162FE51C58D65E00DF10C4 /* Project object */;
			proxyType = 1;
			remoteGlobalIDString = B5162FEC1C58D65E00DF10C4;
			remoteInfo = TestCoreData;
		};
		B51630101C58D65F00DF10C4 /* PBXContainerItemProxy */ = {
			isa = PBXContainerItemProxy;
			containerPortal = B5162FE51C58D65E00DF10C4 /* Project object */;
			proxyType = 1;
			remoteGlobalIDString = B5162FEC1C58D65E00DF10C4;
			remoteInfo = TestCoreData;
		};
/* End PBXContainerItemProxy section */

/* Begin PBXFileReference section */
		B5162FED1C58D65E00DF10C4 /* TestCoreData.app */ = {isa = PBXFileReference; explicitFileType = wrapper.application; includeInIndex = 0; path = TestCoreData.app; sourceTree = BUILT_PRODUCTS_DIR; };
		B5162FF01C58D65E00DF10C4 /* AppDelegate.swift */ = {isa = PBXFileReference; lastKnownFileType = sourcecode.swift; path = AppDelegate.swift; sourceTree = "<group>"; };
		B5162FF21C58D65F00DF10C4 /* ViewController.swift */ = {isa = PBXFileReference; lastKnownFileType = sourcecode.swift; path = ViewController.swift; sourceTree = "<group>"; };
		B5162FF51C58D65F00DF10C4 /* Base */ = {isa = PBXFileReference; lastKnownFileType = file.storyboard; name = Base; path = Base.lproj/Main.storyboard; sourceTree = "<group>"; };
		B5162FF81C58D65F00DF10C4 /* TestCoreData.xcdatamodel */ = {isa = PBXFileReference; lastKnownFileType = wrapper.xcdatamodel; path = TestCoreData.xcdatamodel; sourceTree = "<group>"; };
		B5162FFA1C58D65F00DF10C4 /* Assets.xcassets */ = {isa = PBXFileReference; lastKnownFileType = folder.assetcatalog; path = Assets.xcassets; sourceTree = "<group>"; };
		B5162FFD1C58D65F00DF10C4 /* Base */ = {isa = PBXFileReference; lastKnownFileType = file.storyboard; name = Base; path = Base.lproj/LaunchScreen.storyboard; sourceTree = "<group>"; };
		B5162FFF1C58D65F00DF10C4 /* Info.plist */ = {isa = PBXFileReference; lastKnownFileType = text.plist.xml; path = Info.plist; sourceTree = "<group>"; };
		B51630041C58D65F00DF10C4 /* TestCoreDataTests.xctest */ = {isa = PBXFileReference; explicitFileType = wrapper.cfbundle; includeInIndex = 0; path = TestCoreDataTests.xctest; sourceTree = BUILT_PRODUCTS_DIR; };
		B51630081C58D65F00DF10C4 /* TestCoreDataTests.swift */ = {isa = PBXFileReference; lastKnownFileType = sourcecode.swift; path = TestCoreDataTests.swift; sourceTree = "<group>"; };
		B516300A1C58D65F00DF10C4 /* Info.plist */ = {isa = PBXFileReference; lastKnownFileType = text.plist.xml; path = Info.plist; sourceTree = "<group>"; };
		B516300F1C58D65F00DF10C4 /* TestCoreDataUITests.xctest */ = {isa = PBXFileReference; explicitFileType = wrapper.cfbundle; includeInIndex = 0; path = TestCoreDataUITests.xctest; sourceTree = BUILT_PRODUCTS_DIR; };
		B51630131C58D65F00DF10C4 /* TestCoreDataUITests.swift */ = {isa = PBXFileReference; lastKnownFileType = sourcecode.swift; path = TestCoreDataUITests.swift; sourceTree = "<group>"; };
		B51630151C58D65F00DF10C4 /* Info.plist */ = {isa = PBXFileReference; lastKnownFileType = text.plist.xml; path = Info.plist; sourceTree = "<group>"; };
		B51630211C5910F500DF10C4 /* DataController.swift */ = {isa = PBXFileReference; fileEncoding = 4; lastKnownFileType = sourcecode.swift; path = DataController.swift; sourceTree = "<group>"; };
/* End PBXFileReference section */

/* Begin PBXFrameworksBuildPhase section */
		B5162FEA1C58D65E00DF10C4 /* Frameworks */ = {
			isa = PBXFrameworksBuildPhase;
			buildActionMask = 2147483647;
			files = (
			);
			runOnlyForDeploymentPostprocessing = 0;
		};
		B51630011C58D65F00DF10C4 /* Frameworks */ = {
			isa = PBXFrameworksBuildPhase;
			buildActionMask = 2147483647;
			files = (
			);
			runOnlyForDeploymentPostprocessing = 0;
		};
		B516300C1C58D65F00DF10C4 /* Frameworks */ = {
			isa = PBXFrameworksBuildPhase;
			buildActionMask = 2147483647;
			files = (
			);
			runOnlyForDeploymentPostprocessing = 0;
		};
/* End PBXFrameworksBuildPhase section */

/* Begin PBXGroup section */
		B5162FE41C58D65E00DF10C4 = {
			isa = PBXGroup;
			children = (
				B5162FEF1C58D65E00DF10C4 /* TestCoreData */,
				B51630071C58D65F00DF10C4 /* TestCoreDataTests */,
				B51630121C58D65F00DF10C4 /* TestCoreDataUITests */,
				B5162FEE1C58D65E00DF10C4 /* Products */,
			);
			sourceTree = "<group>";
		};
		B5162FEE1C58D65E00DF10C4 /* Products */ = {
			isa = PBXGroup;
			children = (
				B5162FED1C58D65E00DF10C4 /* TestCoreData.app */,
				B51630041C58D65F00DF10C4 /* TestCoreDataTests.xctest */,
				B516300F1C58D65F00DF10C4 /* TestCoreDataUITests.xctest */,
			);
			name = Products;
			sourceTree = "<group>";
		};
		B5162FEF1C58D65E00DF10C4 /* TestCoreData */ = {
			isa = PBXGroup;
			children = (
				B5162FF01C58D65E00DF10C4 /* AppDelegate.swift */,
				B5162FF21C58D65F00DF10C4 /* ViewController.swift */,
				B5162FF41C58D65F00DF10C4 /* Main.storyboard */,
				B5162FFA1C58D65F00DF10C4 /* Assets.xcassets */,
				B5162FFC1C58D65F00DF10C4 /* LaunchScreen.storyboard */,
				B5162FFF1C58D65F00DF10C4 /* Info.plist */,
				B5162FF71C58D65F00DF10C4 /* TestCoreData.xcdatamodeld */,
				B51630211C5910F500DF10C4 /* DataController.swift */,
			);
			path = TestCoreData;
			sourceTree = "<group>";
		};
		B51630071C58D65F00DF10C4 /* TestCoreDataTests */ = {
			isa = PBXGroup;
			children = (
				B51630081C58D65F00DF10C4 /* TestCoreDataTests.swift */,
				B516300A1C58D65F00DF10C4 /* Info.plist */,
			);
			path = TestCoreDataTests;
			sourceTree = "<group>";
		};
		B51630121C58D65F00DF10C4 /* TestCoreDataUITests */ = {
			isa = PBXGroup;
			children = (
				B51630131C58D65F00DF10C4 /* TestCoreDataUITests.swift */,
				B51630151C58D65F00DF10C4 /* Info.plist */,
			);
			path = TestCoreDataUITests;
			sourceTree = "<group>";
		};
/* End PBXGroup section */

/* Begin PBXNativeTarget section */
		B5162FEC1C58D65E00DF10C4 /* TestCoreData */ = {
			isa = PBXNativeTarget;
			buildConfigurationList = B51630181C58D65F00DF10C4 /* Build configuration list for PBXNativeTarget "TestCoreData" */;
			buildPhases = (
				B5162FE91C58D65E00DF10C4 /* Sources */,
				B5162FEA1C58D65E00DF10C4 /* Frameworks */,
				B5162FEB1C58D65E00DF10C4 /* Resources */,
			);
			buildRules = (
			);
			dependencies = (
			);
			name = TestCoreData;
			productName = TestCoreData;
			productReference = B5162FED1C58D65E00DF10C4 /* TestCoreData.app */;
			productType = "com.apple.product-type.application";
		};
		B51630031C58D65F00DF10C4 /* TestCoreDataTests */ = {
			isa = PBXNativeTarget;
			buildConfigurationList = B516301B1C58D65F00DF10C4 /* Build configuration list for PBXNativeTarget "TestCoreDataTests" */;
			buildPhases = (
				B51630001C58D65F00DF10C4 /* Sources */,
				B51630011C58D65F00DF10C4 /* Frameworks */,
				B51630021C58D65F00DF10C4 /* Resources */,
			);
			buildRules = (
			);
			dependencies = (
				B51630061C58D65F00DF10C4 /* PBXTargetDependency */,
			);
			name = TestCoreDataTests;
			productName = TestCoreDataTests;
			productReference = B51630041C58D65F00DF10C4 /* TestCoreDataTests.xctest */;
			productType = "com.apple.product-type.bundle.unit-test";
		};
		B516300E1C58D65F00DF10C4 /* TestCoreDataUITests */ = {
			isa = PBXNativeTarget;
			buildConfigurationList = B516301E1C58D65F00DF10C4 /* Build configuration list for PBXNativeTarget "TestCoreDataUITests" */;
			buildPhases = (
				B516300B1C58D65F00DF10C4 /* Sources */,
				B516300C1C58D65F00DF10C4 /* Frameworks */,
				B516300D1C58D65F00DF10C4 /* Resources */,
			);
			buildRules = (
			);
			dependencies = (
				B51630111C58D65F00DF10C4 /* PBXTargetDependency */,
			);
			name = TestCoreDataUITests;
			productName = TestCoreDataUITests;
			productReference = B516300F1C58D65F00DF10C4 /* TestCoreDataUITests.xctest */;
			productType = "com.apple.product-type.bundle.ui-testing";
		};
/* End PBXNativeTarget section */

/* Begin PBXProject section */
		B5162FE51C58D65E00DF10C4 /* Project object */ = {
			isa = PBXProject;
			attributes = {
				LastSwiftUpdateCheck = 0710;
				LastUpgradeCheck = 0710;
				ORGANIZATIONNAME = "Ben Nikiema";
				TargetAttributes = {
					B5162FEC1C58D65E00DF10C4 = {
						CreatedOnToolsVersion = 7.1;
						DevelopmentTeam = 5K6TB2G576;
					};
					B51630031C58D65F00DF10C4 = {
						CreatedOnToolsVersion = 7.1;
						DevelopmentTeam = 5K6TB2G576;
						TestTargetID = B5162FEC1C58D65E00DF10C4;
					};
					B516300E1C58D65F00DF10C4 = {
						CreatedOnToolsVersion = 7.1;
						DevelopmentTeam = 5K6TB2G576;
						TestTargetID = B5162FEC1C58D65E00DF10C4;
					};
				};
			};
			buildConfigurationList = B5162FE81C58D65E00DF10C4 /* Build configuration list for PBXProject "TestCoreData" */;
			compatibilityVersion = "Xcode 3.2";
			developmentRegion = English;
			hasScannedForEncodings = 0;
			knownRegions = (
				en,
				Base,
			);
			mainGroup = B5162FE41C58D65E00DF10C4;
			productRefGroup = B5162FEE1C58D65E00DF10C4 /* Products */;
			projectDirPath = "";
			projectRoot = "";
			targets = (
				B5162FEC1C58D65E00DF10C4 /* TestCoreData */,
				B51630031C58D65F00DF10C4 /* TestCoreDataTests */,
				B516300E1C58D65F00DF10C4 /* TestCoreDataUITests */,
			);
		};
/* End PBXProject section */

/* Begin PBXResourcesBuildPhase section */
		B5162FEB1C58D65E00DF10C4 /* Resources */ = {
			isa = PBXResourcesBuildPhase;
			buildActionMask = 2147483647;
			files = (
				B5162FFE1C58D65F00DF10C4 /* LaunchScreen.storyboard in Resources */,
				B5162FFB1C58D65F00DF10C4 /* Assets.xcassets in Resources */,
				B5162FF61C58D65F00DF10C4 /* Main.storyboard in Resources */,
			);
			runOnlyForDeploymentPostprocessing = 0;
		};
		B51630021C58D65F00DF10C4 /* Resources */ = {
			isa = PBXResourcesBuildPhase;
			buildActionMask = 2147483647;
			files = (
			);
			runOnlyForDeploymentPostprocessing = 0;
		};
		B516300D1C58D65F00DF10C4 /* Resources */ = {
			isa = PBXResourcesBuildPhase;
			buildActionMask = 2147483647;
			files = (
			);
			runOnlyForDeploymentPostprocessing = 0;
		};
/* End PBXResourcesBuildPhase section */

/* Begin PBXSourcesBuildPhase section */
		B5162FE91C58D65E00DF10C4 /* Sources */ = {
			isa = PBXSourcesBuildPhase;
			buildActionMask = 2147483647;
			files = (
				B5162FF31C58D65F00DF10C4 /* ViewController.swift in Sources */,
				B51630221C5910F500DF10C4 /* DataController.swift in Sources */,
				B5162FF91C58D65F00DF10C4 /* TestCoreData.xcdatamodeld in Sources */,
				B5162FF11C58D65E00DF10C4 /* AppDelegate.swift in Sources */,
			);
			runOnlyForDeploymentPostprocessing = 0;
		};
		B51630001C58D65F00DF10C4 /* Sources */ = {
			isa = PBXSourcesBuildPhase;
			buildActionMask = 2147483647;
			files = (
				B51630091C58D65F00DF10C4 /* TestCoreDataTests.swift in Sources */,
			);
			runOnlyForDeploymentPostprocessing = 0;
		};
		B516300B1C58D65F00DF10C4 /* Sources */ = {
			isa = PBXSourcesBuildPhase;
			buildActionMask = 2147483647;
			files = (
				B51630141C58D65F00DF10C4 /* TestCoreDataUITests.swift in Sources */,
			);
			runOnlyForDeploymentPostprocessing = 0;
		};
/* End PBXSourcesBuildPhase section */

/* Begin PBXTargetDependency section */
		B51630061C58D65F00DF10C4 /* PBXTargetDependency */ = {
			isa = PBXTargetDependency;
			target = B5162FEC1C58D65E00DF10C4 /* TestCoreData */;
			targetProxy = B51630051C58D65F00DF10C4 /* PBXContainerItemProxy */;
		};
		B51630111C58D65F00DF10C4 /* PBXTargetDependency */ = {
			isa = PBXTargetDependency;
			target = B5162FEC1C58D65E00DF10C4 /* TestCoreData */;
			targetProxy = B51630101C58D65F00DF10C4 /* PBXContainerItemProxy */;
		};
/* End PBXTargetDependency section */

/* Begin PBXVariantGroup section */
		B5162FF41C58D65F00DF10C4 /* Main.storyboard */ = {
			isa = PBXVariantGroup;
			children = (
				B5162FF51C58D65F00DF10C4 /* Base */,
			);
			name = Main.storyboard;
			sourceTree = "<group>";
		};
		B5162FFC1C58D65F00DF10C4 /* LaunchScreen.storyboard */ = {
			isa = PBXVariantGroup;
			children = (
				B5162FFD1C58D65F00DF10C4 /* Base */,
			);
			name = LaunchScreen.storyboard;
			sourceTree = "<group>";
		};
/* End PBXVariantGroup section */

/* Begin XCBuildConfiguration section */
		B51630161C58D65F00DF10C4 /* Debug */ = {
			isa = XCBuildConfiguration;
			buildSettings = {
				ALWAYS_SEARCH_USER_PATHS = NO;
				CLANG_CXX_LANGUAGE_STANDARD = "gnu++0x";
				CLANG_CXX_LIBRARY = "libc++";
				CLANG_ENABLE_MODULES = YES;
				CLANG_ENABLE_OBJC_ARC = YES;
				CLANG_WARN_BOOL_CONVERSION = YES;
				CLANG_WARN_CONSTANT_CONVERSION = YES;
				CLANG_WARN_DIRECT_OBJC_ISA_USAGE = YES_ERROR;
				CLANG_WARN_EMPTY_BODY = YES;
				CLANG_WARN_ENUM_CONVERSION = YES;
				CLANG_WARN_INT_CONVERSION = YES;
				CLANG_WARN_OBJC_ROOT_CLASS = YES_ERROR;
				CLANG_WARN_UNREACHABLE_CODE = YES;
				CLANG_WARN__DUPLICATE_METHOD_MATCH = YES;
				"CODE_SIGN_IDENTITY[sdk=iphoneos*]" = "iPhone Developer";
				COPY_PHASE_STRIP = NO;
				DEBUG_INFORMATION_FORMAT = dwarf;
				ENABLE_STRICT_OBJC_MSGSEND = YES;
				ENABLE_TESTABILITY = YES;
				GCC_C_LANGUAGE_STANDARD = gnu99;
				GCC_DYNAMIC_NO_PIC = NO;
				GCC_NO_COMMON_BLOCKS = YES;
				GCC_OPTIMIZATION_LEVEL = 0;
				GCC_PREPROCESSOR_DEFINITIONS = (
					"DEBUG=1",
					"$(inherited)",
				);
				GCC_WARN_64_TO_32_BIT_CONVERSION = YES;
				GCC_WARN_ABOUT_RETURN_TYPE = YES_ERROR;
				GCC_WARN_UNDECLARED_SELECTOR = YES;
				GCC_WARN_UNINITIALIZED_AUTOS = YES_AGGRESSIVE;
				GCC_WARN_UNUSED_FUNCTION = YES;
				GCC_WARN_UNUSED_VARIABLE = YES;
				IPHONEOS_DEPLOYMENT_TARGET = 9.1;
				MTL_ENABLE_DEBUG_INFO = YES;
				ONLY_ACTIVE_ARCH = YES;
				SDKROOT = iphoneos;
				SWIFT_OPTIMIZATION_LEVEL = "-Onone";
				TARGETED_DEVICE_FAMILY = "1,2";
			};
			name = Debug;
		};
		B51630171C58D65F00DF10C4 /* Release */ = {
			isa = XCBuildConfiguration;
			buildSettings = {
				ALWAYS_SEARCH_USER_PATHS = NO;
				CLANG_CXX_LANGUAGE_STANDARD = "gnu++0x";
				CLANG_CXX_LIBRARY = "libc++";
				CLANG_ENABLE_MODULES = YES;
				CLANG_ENABLE_OBJC_ARC = YES;
				CLANG_WARN_BOOL_CONVERSION = YES;
				CLANG_WARN_CONSTANT_CONVERSION = YES;
				CLANG_WARN_DIRECT_OBJC_ISA_USAGE = YES_ERROR;
				CLANG_WARN_EMPTY_BODY = YES;
				CLANG_WARN_ENUM_CONVERSION = YES;
				CLANG_WARN_INT_CONVERSION = YES;
				CLANG_WARN_OBJC_ROOT_CLASS = YES_ERROR;
				CLANG_WARN_UNREACHABLE_CODE = YES;
				CLANG_WARN__DUPLICATE_METHOD_MATCH = YES;
				"CODE_SIGN_IDENTITY[sdk=iphoneos*]" = "iPhone Developer";
				COPY_PHASE_STRIP = NO;
				DEBUG_INFORMATION_FORMAT = "dwarf-with-dsym";
				ENABLE_NS_ASSERTIONS = NO;
				ENABLE_STRICT_OBJC_MSGSEND = YES;
				GCC_C_LANGUAGE_STANDARD = gnu99;
				GCC_NO_COMMON_BLOCKS = YES;
				GCC_WARN_64_TO_32_BIT_CONVERSION = YES;
				GCC_WARN_ABOUT_RETURN_TYPE = YES_ERROR;
				GCC_WARN_UNDECLARED_SELECTOR = YES;
				GCC_WARN_UNINITIALIZED_AUTOS = YES_AGGRESSIVE;
				GCC_WARN_UNUSED_FUNCTION = YES;
				GCC_WARN_UNUSED_VARIABLE = YES;
				IPHONEOS_DEPLOYMENT_TARGET = 9.1;
				MTL_ENABLE_DEBUG_INFO = NO;
				SDKROOT = iphoneos;
				TARGETED_DEVICE_FAMILY = "1,2";
				VALIDATE_PRODUCT = YES;
			};
			name = Release;
		};
		B51630191C58D65F00DF10C4 /* Debug */ = {
			isa = XCBuildConfiguration;
			buildSettings = {
				ASSETCATALOG_COMPILER_APPICON_NAME = AppIcon;
				INFOPLIST_FILE = TestCoreData/Info.plist;
				LD_RUNPATH_SEARCH_PATHS = "$(inherited) @executable_path/Frameworks";
				PRODUCT_BUNDLE_IDENTIFIER = Ben.TestCoreData;
				PRODUCT_NAME = "$(TARGET_NAME)";
			};
			name = Debug;
		};
		B516301A1C58D65F00DF10C4 /* Release */ = {
			isa = XCBuildConfiguration;
			buildSettings = {
				ASSETCATALOG_COMPILER_APPICON_NAME = AppIcon;
				INFOPLIST_FILE = TestCoreData/Info.plist;
				LD_RUNPATH_SEARCH_PATHS = "$(inherited) @executable_path/Frameworks";
				PRODUCT_BUNDLE_IDENTIFIER = Ben.TestCoreData;
				PRODUCT_NAME = "$(TARGET_NAME)";
			};
			name = Release;
		};
		B516301C1C58D65F00DF10C4 /* Debug */ = {
			isa = XCBuildConfiguration;
			buildSettings = {
				BUNDLE_LOADER = "$(TEST_HOST)";
				INFOPLIST_FILE = TestCoreDataTests/Info.plist;
				LD_RUNPATH_SEARCH_PATHS = "$(inherited) @executable_path/Frameworks @loader_path/Frameworks";
				PRODUCT_BUNDLE_IDENTIFIER = Ben.TestCoreDataTests;
				PRODUCT_NAME = "$(TARGET_NAME)";
				TEST_HOST = "$(BUILT_PRODUCTS_DIR)/TestCoreData.app/TestCoreData";
			};
			name = Debug;
		};
		B516301D1C58D65F00DF10C4 /* Release */ = {
			isa = XCBuildConfiguration;
			buildSettings = {
				BUNDLE_LOADER = "$(TEST_HOST)";
				INFOPLIST_FILE = TestCoreDataTests/Info.plist;
				LD_RUNPATH_SEARCH_PATHS = "$(inherited) @executable_path/Frameworks @loader_path/Frameworks";
				PRODUCT_BUNDLE_IDENTIFIER = Ben.TestCoreDataTests;
				PRODUCT_NAME = "$(TARGET_NAME)";
				TEST_HOST = "$(BUILT_PRODUCTS_DIR)/TestCoreData.app/TestCoreData";
			};
			name = Release;
		};
		B516301F1C58D65F00DF10C4 /* Debug */ = {
			isa = XCBuildConfiguration;
			buildSettings = {
				INFOPLIST_FILE = TestCoreDataUITests/Info.plist;
				LD_RUNPATH_SEARCH_PATHS = "$(inherited) @executable_path/Frameworks @loader_path/Frameworks";
				PRODUCT_BUNDLE_IDENTIFIER = Ben.TestCoreDataUITests;
				PRODUCT_NAME = "$(TARGET_NAME)";
				TEST_TARGET_NAME = TestCoreData;
				USES_XCTRUNNER = YES;
			};
			name = Debug;
		};
		B51630201C58D65F00DF10C4 /* Release */ = {
			isa = XCBuildConfiguration;
			buildSettings = {
				INFOPLIST_FILE = TestCoreDataUITests/Info.plist;
				LD_RUNPATH_SEARCH_PATHS = "$(inherited) @executable_path/Frameworks @loader_path/Frameworks";
				PRODUCT_BUNDLE_IDENTIFIER = Ben.TestCoreDataUITests;
				PRODUCT_NAME = "$(TARGET_NAME)";
				TEST_TARGET_NAME = TestCoreData;
				USES_XCTRUNNER = YES;
			};
			name = Release;
		};
/* End XCBuildConfiguration section */

/* Begin XCConfigurationList section */
		B5162FE81C58D65E00DF10C4 /* Build configuration list for PBXProject "TestCoreData" */ = {
			isa = XCConfigurationList;
			buildConfigurations = (
				B51630161C58D65F00DF10C4 /* Debug */,
				B51630171C58D65F00DF10C4 /* Release */,
			);
			defaultConfigurationIsVisible = 0;
			defaultConfigurationName = Release;
		};
		B51630181C58D65F00DF10C4 /* Build configuration list for PBXNativeTarget "TestCoreData" */ = {
			isa = XCConfigurationList;
			buildConfigurations = (
				B51630191C58D65F00DF10C4 /* Debug */,
				B516301A1C58D65F00DF10C4 /* Release */,
			);
			defaultConfigurationIsVisible = 0;
			defaultConfigurationName = Release;
		};
		B516301B1C58D65F00DF10C4 /* Build configuration list for PBXNativeTarget "TestCoreDataTests" */ = {
			isa = XCConfigurationList;
			buildConfigurations = (
				B516301C1C58D65F00DF10C4 /* Debug */,
				B516301D1C58D65F00DF10C4 /* Release */,
			);
			defaultConfigurationIsVisible = 0;
			defaultConfigurationName = Release;
		};
		B516301E1C58D65F00DF10C4 /* Build configuration list for PBXNativeTarget "TestCoreDataUITests" */ = {
			isa = XCConfigurationList;
			buildConfigurations = (
				B516301F1C58D65F00DF10C4 /* Debug */,
				B51630201C58D65F00DF10C4 /* Release */,
			);
			defaultConfigurationIsVisible = 0;
			defaultConfigurationName = Release;
		};
/* End XCConfigurationList section */

/* Begin XCVersionGroup section */
		B5162FF71C58D65F00DF10C4 /* TestCoreData.xcdatamodeld */ = {
			isa = XCVersionGroup;
			children = (
				B5162FF81C58D65F00DF10C4 /* TestCoreData.xcdatamodel */,
			);
			currentVersion = B5162FF81C58D65F00DF10C4 /* TestCoreData.xcdatamodel */;
			path = TestCoreData.xcdatamodeld;
			sourceTree = "<group>";
			versionGroupType = wrapper.xcdatamodel;
		};
/* End XCVersionGroup section */
	};
	rootObject = B5162FE51C58D65E00DF10C4 /* Project object */;
}
